<?xml version="1.0" encoding="utf-8"?>
<Project ToolsVersion="4.0" xmlns="http://schemas.microsoft.com/developer/msbuild/2003">
  <ItemGroup>
    <Filter Include="Source Files">
      <UniqueIdentifier>{4FC737F1-C7A5-4376-A066-2A32D752A2FF}</UniqueIdentifier>
      <Extensions>cpp;c;cc;cxx;def;odl;idl;hpj;bat;asm;asmx</Extensions>
    </Filter>
    <Filter Include="Resource Files">
      <UniqueIdentifier>{67DA6AB6-F800-4c08-8B7A-83BB121AAD01}</UniqueIdentifier>
      <Extensions>rc;ico;cur;bmp;dlg;rc2;rct;bin;rgs;gif;jpg;jpeg;jpe;resx;tiff;tif;png;wav;mfcribbon-ms</Extensions>
    </Filter>
    <Filter Include="Resource Files\Shaders">
      <UniqueIdentifier>{d8c6f640-d50d-4388-8a50-90686886c71a}</UniqueIdentifier>
    </Filter>
  </ItemGroup>
  <ItemGroup>
    <None Include="..\Assets\Shaders\depth_fragment.glsl">
      <Filter>Resource Files\Shaders</Filter>
    </None>
    <None Include="..\Assets\Shaders\scene_fragment.glsl">
      <Filter>Resource Files\Shaders</Filter>
    </None>
    <None Include="..\Assets\Shaders\scene_vertex.glsl">
      <Filter>Resource Files\Shaders</Filter>
    </None>
    <None Include="..\Assets\Shaders\shadow_fragment.glsl">
      <Filter>Resource Files\Shaders</Filter>
    </None>
    <None Include="..\Assets\Shaders\shadow_vertex.glsl">
      <Filter>Resource Files\Shaders</Filter>
    </None>
  </ItemGroup>
  <ItemGroup>
    <ClCompile Include="..\Source\main.cpp">
      <Filter>Source Files</Filter>
    </ClCompile>
    <ClCompile Include="scene.cpp">
      <Filter>Source Files</Filter>
    </ClCompile>
    <ClCompile Include="libs\stb_image_impl.cpp">
      <Filter>Source Files</Filter>
    </ClCompile>
  </ItemGroup>
  <ItemGroup>
    <ClInclude Include="draw.h" />
    <ClInclude Include="scene.h" />
    <ClInclude Include="shader.h" />
    <ClInclude Include="libs\stb_image.h" />
  </ItemGroup>
</Project>